
Microsoft Visual Studio Solution File, Format Version 12.00
# Visual Studio Version 17
VisualStudioVersion = 17.5.002.0
MinimumVisualStudioVersion = 10.0.40219.1
Project("{2150E333-8FDC-42A3-9474-1A3956D46DE8}") = "src", "src", "{86532EA2-25A0-484A-B28B-751611C301B4}"
EndProject
Project("{2150E333-8FDC-42A3-9474-1A3956D46DE8}") = "Services", "Services", "{6762DEBB-4804-4792-BAE4-BB31EFAB370D}"
EndProject
Project("{9A19103F-16F7-4668-BE54-9A1E7A4F7556}") = "AuthAPI", "src\Services\AuthAPI\AuthAPI.csproj", "{3A24804C-9E6F-497F-9D01-B2A63D836670}"
EndProject
Project("{9A19103F-16F7-4668-BE54-9A1E7A4F7556}") = "CategoryAPI", "src\Services\CategoryAPI\CategoryAPI.csproj", "{63894F49-D073-4C8A-8038-CD5FDA6182EA}"
EndProject
Project("{9A19103F-16F7-4668-BE54-9A1E7A4F7556}") = "CouponAPI", "src\Services\CouponAPI\CouponAPI.csproj", "{659186AD-AAA9-4B69-A133-D0E295804C4F}"
EndProject
Project("{9A19103F-16F7-4668-BE54-9A1E7A4F7556}") = "ProductAPI", "src\Services\ProductAPI\ProductAPI.csproj", "{3D48F01D-762F-4114-880D-6EFEBBAD8088}"
EndProject
Global
	GlobalSection(SolutionConfigurationPlatforms) = preSolution
		Debug|Any CPU = Debug|Any CPU
		Release|Any CPU = Release|Any CPU
	EndGlobalSection
	GlobalSection(ProjectConfigurationPlatforms) = postSolution
		{3A24804C-9E6F-497F-9D01-B2A63D836670}.Debug|Any CPU.ActiveCfg = Debug|Any CPU
		{3A24804C-9E6F-497F-9D01-B2A63D836670}.Debug|Any CPU.Build.0 = Debug|Any CPU
		{3A24804C-9E6F-497F-9D01-B2A63D836670}.Release|Any CPU.ActiveCfg = Release|Any CPU
		{3A24804C-9E6F-497F-9D01-B2A63D836670}.Release|Any CPU.Build.0 = Release|Any CPU
		{63894F49-D073-4C8A-8038-CD5FDA6182EA}.Debug|Any CPU.ActiveCfg = Debug|Any CPU
		{63894F49-D073-4C8A-8038-CD5FDA6182EA}.Debug|Any CPU.Build.0 = Debug|Any CPU
		{63894F49-D073-4C8A-8038-CD5FDA6182EA}.Release|Any CPU.ActiveCfg = Release|Any CPU
		{63894F49-D073-4C8A-8038-CD5FDA6182EA}.Release|Any CPU.Build.0 = Release|Any CPU
		{659186AD-AAA9-4B69-A133-D0E295804C4F}.Debug|Any CPU.ActiveCfg = Debug|Any CPU
		{659186AD-AAA9-4B69-A133-D0E295804C4F}.Debug|Any CPU.Build.0 = Debug|Any CPU
		{659186AD-AAA9-4B69-A133-D0E295804C4F}.Release|Any CPU.ActiveCfg = Release|Any CPU
		{659186AD-AAA9-4B69-A133-D0E295804C4F}.Release|Any CPU.Build.0 = Release|Any CPU
		{3D48F01D-762F-4114-880D-6EFEBBAD8088}.Debug|Any CPU.ActiveCfg = Debug|Any CPU
		{3D48F01D-762F-4114-880D-6EFEBBAD8088}.Debug|Any CPU.Build.0 = Debug|Any CPU
		{3D48F01D-762F-4114-880D-6EFEBBAD8088}.Release|Any CPU.ActiveCfg = Release|Any CPU
		{3D48F01D-762F-4114-880D-6EFEBBAD8088}.Release|Any CPU.Build.0 = Release|Any CPU
	EndGlobalSection
	GlobalSection(SolutionProperties) = preSolution
		HideSolutionNode = FALSE
	EndGlobalSection
	GlobalSection(NestedProjects) = preSolution
		{6762DEBB-4804-4792-BAE4-BB31EFAB370D} = {86532EA2-25A0-484A-B28B-751611C301B4}
		{3A24804C-9E6F-497F-9D01-B2A63D836670} = {6762DEBB-4804-4792-BAE4-BB31EFAB370D}
		{63894F49-D073-4C8A-8038-CD5FDA6182EA} = {6762DEBB-4804-4792-BAE4-BB31EFAB370D}
		{659186AD-AAA9-4B69-A133-D0E295804C4F} = {6762DEBB-4804-4792-BAE4-BB31EFAB370D}
		{3D48F01D-762F-4114-880D-6EFEBBAD8088} = {6762DEBB-4804-4792-BAE4-BB31EFAB370D}
	EndGlobalSection
	GlobalSection(ExtensibilityGlobals) = postSolution
		SolutionGuid = {2A7A7F37-746E-4F16-AA52-E64978183974}
	EndGlobalSection
EndGlobal
